Microsoft Visual Studio Solution File, Format Version 12.00
# Visual Studio Version 17
VisualStudioVersion = 17.0.31903.59
MinimumVisualStudioVersion = 10.0.40219.1
Project("{2150E333-8FDC-42A3-9474-1A3956D46DE8}") = "src", "src", "{09EADF06-BE25-4228-AB53-95AE3E15B530}"
	ProjectSection(SolutionItems) = preProject
		src\Source.ruleset = src\Source.ruleset
	EndProjectSection
EndProject
Project("{2150E333-8FDC-42A3-9474-1A3956D46DE8}") = "test", "test", "{AED9C836-31E3-4F3F-8ABC-929555D3F3C4}"
EndProject
Project("{2150E333-8FDC-42A3-9474-1A3956D46DE8}") = "pkg", "pkg", "{D3D38B03-B557-484D-8348-8BADEE4DF592}"
	ProjectSection(SolutionItems) = preProject
		pkg\Directory.Build.props = pkg\Directory.Build.props
		pkg\pack.proj = pkg\pack.proj
	EndProjectSection
EndProject
Project("{2150E333-8FDC-42A3-9474-1A3956D46DE8}") = "common", "common", "{A84717CB-F11A-41C5-A74D-C0F1D47B7431}"
	ProjectSection(SolutionItems) = preProject
		pkg\common\DnnImageFeaturizer.props = pkg\common\DnnImageFeaturizer.props
		pkg\common\RestitchPackage.props = pkg\common\RestitchPackage.props
		pkg\common\RestitchPackage.targets = pkg\common\RestitchPackage.targets
	EndProjectSection
EndProject
Project("{9A19103F-16F7-4668-BE54-9A1E7A4F7556}") = "TorchSharp", "src\TorchSharp\TorchSharp.csproj", "{061CCBA1-A859-4392-8F45-249E5DAF1C88}"
EndProject
Project("{9A19103F-16F7-4668-BE54-9A1E7A4F7556}") = "TorchSharpTest", "test\TorchSharpTest\TorchSharpTest.csproj", "{6C323B05-9028-4B09-911C-3C03AE058BEE}"
EndProject
Project("{9A19103F-16F7-4668-BE54-9A1E7A4F7556}") = "Examples", "src\Examples\Examples.csproj", "{42B45168-476D-4BFA-87B8-81A34E6295CD}"
EndProject
Project("{2150E333-8FDC-42A3-9474-1A3956D46DE8}") = "TorchSharp", "TorchSharp", "{567456AD-B026-4CB6-B98D-4FC930C90223}"
	ProjectSection(SolutionItems) = preProject
		pkg\TorchSharp\TorchSharp.nupkgproj = pkg\TorchSharp\TorchSharp.nupkgproj
		pkg\TorchSharp\TorchSharp.symbols.nupkgproj = pkg\TorchSharp\TorchSharp.symbols.nupkgproj
	EndProjectSection
EndProject
Project("{8BC9CEB8-8B4A-11D0-8D11-00A0C91BC942}") = "LibTorchSharp", "bin\obj\x64.Debug\Native\LibTorchSharp\LibTorchSharp.vcxproj", "{E7467DDF-893C-38A8-8E19-6B4E3FB10F55}"
EndProject
Project("{8BC9CEB8-8B4A-11D0-8D11-00A0C91BC942}") = "LibTorchSharp", "bin\obj\x64.Release\Native\LibTorchSharp\LibTorchSharp.vcxproj", "{BB811429-0DF1-3D22-B664-09C2F5A9E0AB}"
EndProject
Project("{2150E333-8FDC-42A3-9474-1A3956D46DE8}") = "Native-Debug", "Native-Debug", "{CF2C1A9E-3A8A-4329-8A6E-7880C15AAC3D}"
	ProjectSection(SolutionItems) = preProject
		src\Native\build.proj = src\Native\build.proj
	EndProjectSection
EndProject
Project("{2150E333-8FDC-42A3-9474-1A3956D46DE8}") = "Redist", "Redist", "{D8C60CD8-8429-45F2-A755-47B6CD10FDF8}"
	ProjectSection(SolutionItems) = preProject
		src\Redist\libtorch-cpu\libtorch-cpu.proj = src\Redist\libtorch-cpu\libtorch-cpu.proj
		src\Redist\libtorch-cuda-12.8\libtorch-cuda-12.8.proj = src\Redist\libtorch-cuda-12.8\libtorch-cuda-12.8.proj
	EndProjectSection
EndProject
Project("{2150E333-8FDC-42A3-9474-1A3956D46DE8}") = "Native-Release", "Native-Release", "{4DB9E84D-324C-408F-87A6-246E86205540}"
EndProject
Project("{9A19103F-16F7-4668-BE54-9A1E7A4F7556}") = "TorchSharpTest.WithCudaBinaries", "test\TorchSharpTest.WithCudaBinaries\TorchSharpTest.WithCudaBinaries.csproj", "{DD652544-711E-4029-83FF-DA4A9600E6E7}"
EndProject
Project("{6EC3EE1D-3C4E-46DD-8F32-0CC8E7565705}") = "FSharp.Examples", "src\FSharp.Examples\FSharp.Examples.fsproj", "{05031D1C-D0B2-4BF3-A6AF-3339A78437E3}"
EndProject
Project("{9A19103F-16F7-4668-BE54-9A1E7A4F7556}") = "Examples.Utils", "src\Examples.Utils\Examples.Utils.csproj", "{AACEAE55-804D-45BC-BC3D-1AB8E856E0E8}"
EndProject
Project("{9A19103F-16F7-4668-BE54-9A1E7A4F7556}") = "FileRestitcher", "pkg\FileRestitcher\FileRestitcher\FileRestitcher.csproj", "{95493944-D1AE-414E-964B-B58AEAE672E5}"
EndProject
Project("{9A19103F-16F7-4668-BE54-9A1E7A4F7556}") = "FileRestitcher.Tests", "pkg\FileRestitcher\FileRestitcher.Tests\FileRestitcher.Tests.csproj", "{6D3CE8AA-F369-4D2D-BDA7-9F89D6BE1B2E}"
EndProject
Project("{2150E333-8FDC-42A3-9474-1A3956D46DE8}") = "Solution Items", "Solution Items", "{1BBCA8A0-C5AB-4BD5-8B1A-A586E4BC189A}"
	ProjectSection(SolutionItems) = preProject
		azure-pipelines.yml = azure-pipelines.yml
		build\BranchInfo.props = build\BranchInfo.props
		DEVGUIDE.md = DEVGUIDE.md
		global.json = global.json
		README.md = README.md
		RELEASENOTES.md = RELEASENOTES.md
	EndProjectSection
EndProject
Project("{9A19103F-16F7-4668-BE54-9A1E7A4F7556}") = "TorchVision", "src\TorchVision\TorchVision.csproj", "{DCF01EE5-6431-4115-85E0-1FC4C3DE86A2}"
EndProject
Project("{9A19103F-16F7-4668-BE54-9A1E7A4F7556}") = "TorchAudio", "src\TorchAudio\TorchAudio.csproj", "{B3AAC8E8-9CA4-4B01-96CF-206AE7327DDE}"
EndProject
Global
	GlobalSection(SolutionConfigurationPlatforms) = preSolution
		Debug|Any CPU = Debug|Any CPU
		Debug|x64 = Debug|x64
		Release|Any CPU = Release|Any CPU
		Release|x64 = Release|x64
	EndGlobalSection
	GlobalSection(ProjectConfigurationPlatforms) = postSolution
		{061CCBA1-A859-4392-8F45-249E5DAF1C88}.Debug|Any CPU.ActiveCfg = Debug|Any CPU
		{061CCBA1-A859-4392-8F45-249E5DAF1C88}.Debug|Any CPU.Build.0 = Debug|Any CPU
		{061CCBA1-A859-4392-8F45-249E5DAF1C88}.Debug|x64.ActiveCfg = Debug|Any CPU
		{061CCBA1-A859-4392-8F45-249E5DAF1C88}.Debug|x64.Build.0 = Debug|Any CPU
		{061CCBA1-A859-4392-8F45-249E5DAF1C88}.Release|Any CPU.ActiveCfg = Release|Any CPU
		{061CCBA1-A859-4392-8F45-249E5DAF1C88}.Release|Any CPU.Build.0 = Release|Any CPU
		{061CCBA1-A859-4392-8F45-249E5DAF1C88}.Release|x64.ActiveCfg = Release|Any CPU
		{061CCBA1-A859-4392-8F45-249E5DAF1C88}.Release|x64.Build.0 = Release|Any CPU
		{6C323B05-9028-4B09-911C-3C03AE058BEE}.Debug|Any CPU.ActiveCfg = Debug|Any CPU
		{6C323B05-9028-4B09-911C-3C03AE058BEE}.Debug|Any CPU.Build.0 = Debug|Any CPU
		{6C323B05-9028-4B09-911C-3C03AE058BEE}.Debug|x64.ActiveCfg = Debug|Any CPU
		{6C323B05-9028-4B09-911C-3C03AE058BEE}.Debug|x64.Build.0 = Debug|Any CPU
		{6C323B05-9028-4B09-911C-3C03AE058BEE}.Release|Any CPU.ActiveCfg = Release|Any CPU
		{6C323B05-9028-4B09-911C-3C03AE058BEE}.Release|Any CPU.Build.0 = Release|Any CPU
		{6C323B05-9028-4B09-911C-3C03AE058BEE}.Release|x64.ActiveCfg = Release|Any CPU
		{6C323B05-9028-4B09-911C-3C03AE058BEE}.Release|x64.Build.0 = Release|Any CPU
		{42B45168-476D-4BFA-87B8-81A34E6295CD}.Debug|Any CPU.ActiveCfg = Debug|Any CPU
		{42B45168-476D-4BFA-87B8-81A34E6295CD}.Debug|Any CPU.Build.0 = Debug|Any CPU
		{42B45168-476D-4BFA-87B8-81A34E6295CD}.Debug|x64.ActiveCfg = Debug|Any CPU
		{42B45168-476D-4BFA-87B8-81A34E6295CD}.Debug|x64.Build.0 = Debug|Any CPU
		{42B45168-476D-4BFA-87B8-81A34E6295CD}.Release|Any CPU.ActiveCfg = Release|Any CPU
		{42B45168-476D-4BFA-87B8-81A34E6295CD}.Release|Any CPU.Build.0 = Release|Any CPU
		{42B45168-476D-4BFA-87B8-81A34E6295CD}.Release|x64.ActiveCfg = Release|Any CPU
		{42B45168-476D-4BFA-87B8-81A34E6295CD}.Release|x64.Build.0 = Release|Any CPU
		{E7467DDF-893C-38A8-8E19-6B4E3FB10F55}.Debug|Any CPU.ActiveCfg = Debug|x64
		{E7467DDF-893C-38A8-8E19-6B4E3FB10F55}.Debug|x64.ActiveCfg = Debug|x64
		{E7467DDF-893C-38A8-8E19-6B4E3FB10F55}.Release|Any CPU.ActiveCfg = Release|x64
		{E7467DDF-893C-38A8-8E19-6B4E3FB10F55}.Release|x64.ActiveCfg = Release|x64
		{DD652544-711E-4029-83FF-DA4A9600E6E7}.Debug|Any CPU.ActiveCfg = Debug|Any CPU
		{DD652544-711E-4029-83FF-DA4A9600E6E7}.Debug|Any CPU.Build.0 = Debug|Any CPU
		{DD652544-711E-4029-83FF-DA4A9600E6E7}.Debug|x64.ActiveCfg = Debug|Any CPU
		{DD652544-711E-4029-83FF-DA4A9600E6E7}.Debug|x64.Build.0 = Debug|Any CPU
		{DD652544-711E-4029-83FF-DA4A9600E6E7}.Release|Any CPU.ActiveCfg = Release|Any CPU
		{DD652544-711E-4029-83FF-DA4A9600E6E7}.Release|Any CPU.Build.0 = Release|Any CPU
		{DD652544-711E-4029-83FF-DA4A9600E6E7}.Release|x64.ActiveCfg = Release|Any CPU
		{DD652544-711E-4029-83FF-DA4A9600E6E7}.Release|x64.Build.0 = Release|Any CPU
		{05031D1C-D0B2-4BF3-A6AF-3339A78437E3}.Debug|Any CPU.ActiveCfg = Debug|Any CPU
		{05031D1C-D0B2-4BF3-A6AF-3339A78437E3}.Debug|Any CPU.Build.0 = Debug|Any CPU
		{05031D1C-D0B2-4BF3-A6AF-3339A78437E3}.Debug|x64.ActiveCfg = Debug|Any CPU
		{05031D1C-D0B2-4BF3-A6AF-3339A78437E3}.Debug|x64.Build.0 = Debug|Any CPU
		{05031D1C-D0B2-4BF3-A6AF-3339A78437E3}.Release|Any CPU.ActiveCfg = Release|Any CPU
		{05031D1C-D0B2-4BF3-A6AF-3339A78437E3}.Release|Any CPU.Build.0 = Release|Any CPU
		{05031D1C-D0B2-4BF3-A6AF-3339A78437E3}.Release|x64.ActiveCfg = Release|Any CPU
		{05031D1C-D0B2-4BF3-A6AF-3339A78437E3}.Release|x64.Build.0 = Release|Any CPU
		{AACEAE55-804D-45BC-BC3D-1AB8E856E0E8}.Debug|Any CPU.ActiveCfg = Debug|Any CPU
		{AACEAE55-804D-45BC-BC3D-1AB8E856E0E8}.Debug|Any CPU.Build.0 = Debug|Any CPU
		{AACEAE55-804D-45BC-BC3D-1AB8E856E0E8}.Debug|x64.ActiveCfg = Debug|Any CPU
		{AACEAE55-804D-45BC-BC3D-1AB8E856E0E8}.Debug|x64.Build.0 = Debug|Any CPU
		{AACEAE55-804D-45BC-BC3D-1AB8E856E0E8}.Release|Any CPU.ActiveCfg = Release|Any CPU
		{AACEAE55-804D-45BC-BC3D-1AB8E856E0E8}.Release|Any CPU.Build.0 = Release|Any CPU
		{AACEAE55-804D-45BC-BC3D-1AB8E856E0E8}.Release|x64.ActiveCfg = Release|Any CPU
		{AACEAE55-804D-45BC-BC3D-1AB8E856E0E8}.Release|x64.Build.0 = Release|Any CPU
		{95493944-D1AE-414E-964B-B58AEAE672E5}.Debug|Any CPU.ActiveCfg = Debug|Any CPU
		{95493944-D1AE-414E-964B-B58AEAE672E5}.Debug|Any CPU.Build.0 = Debug|Any CPU
		{95493944-D1AE-414E-964B-B58AEAE672E5}.Debug|x64.ActiveCfg = Debug|Any CPU
		{95493944-D1AE-414E-964B-B58AEAE672E5}.Debug|x64.Build.0 = Debug|Any CPU
		{95493944-D1AE-414E-964B-B58AEAE672E5}.Release|Any CPU.ActiveCfg = Release|Any CPU
		{95493944-D1AE-414E-964B-B58AEAE672E5}.Release|Any CPU.Build.0 = Release|Any CPU
		{95493944-D1AE-414E-964B-B58AEAE672E5}.Release|x64.ActiveCfg = Release|Any CPU
		{95493944-D1AE-414E-964B-B58AEAE672E5}.Release|x64.Build.0 = Release|Any CPU
		{6D3CE8AA-F369-4D2D-BDA7-9F89D6BE1B2E}.Debug|Any CPU.ActiveCfg = Debug|Any CPU
		{6D3CE8AA-F369-4D2D-BDA7-9F89D6BE1B2E}.Debug|x64.ActiveCfg = Debug|Any CPU
		{6D3CE8AA-F369-4D2D-BDA7-9F89D6BE1B2E}.Debug|x64.Build.0 = Debug|Any CPU
		{6D3CE8AA-F369-4D2D-BDA7-9F89D6BE1B2E}.Release|Any CPU.ActiveCfg = Release|Any CPU
		{6D3CE8AA-F369-4D2D-BDA7-9F89D6BE1B2E}.Release|Any CPU.Build.0 = Release|Any CPU
		{6D3CE8AA-F369-4D2D-BDA7-9F89D6BE1B2E}.Release|x64.ActiveCfg = Release|Any CPU
		{6D3CE8AA-F369-4D2D-BDA7-9F89D6BE1B2E}.Release|x64.Build.0 = Release|Any CPU
		{DCF01EE5-6431-4115-85E0-1FC4C3DE86A2}.Debug|Any CPU.ActiveCfg = Debug|Any CPU
		{DCF01EE5-6431-4115-85E0-1FC4C3DE86A2}.Debug|Any CPU.Build.0 = Debug|Any CPU
		{DCF01EE5-6431-4115-85E0-1FC4C3DE86A2}.Debug|x64.ActiveCfg = Debug|Any CPU
		{DCF01EE5-6431-4115-85E0-1FC4C3DE86A2}.Debug|x64.Build.0 = Debug|Any CPU
		{DCF01EE5-6431-4115-85E0-1FC4C3DE86A2}.Release|Any CPU.ActiveCfg = Release|Any CPU
		{DCF01EE5-6431-4115-85E0-1FC4C3DE86A2}.Release|Any CPU.Build.0 = Release|Any CPU
		{DCF01EE5-6431-4115-85E0-1FC4C3DE86A2}.Release|x64.ActiveCfg = Release|Any CPU
		{DCF01EE5-6431-4115-85E0-1FC4C3DE86A2}.Release|x64.Build.0 = Release|Any CPU
		{B3AAC8E8-9CA4-4B01-96CF-206AE7327DDE}.Debug|Any CPU.ActiveCfg = Debug|Any CPU
		{B3AAC8E8-9CA4-4B01-96CF-206AE7327DDE}.Debug|Any CPU.Build.0 = Debug|Any CPU
		{B3AAC8E8-9CA4-4B01-96CF-206AE7327DDE}.Debug|x64.ActiveCfg = Debug|Any CPU
		{B3AAC8E8-9CA4-4B01-96CF-206AE7327DDE}.Debug|x64.Build.0 = Debug|Any CPU
		{B3AAC8E8-9CA4-4B01-96CF-206AE7327DDE}.Release|Any CPU.ActiveCfg = Release|Any CPU
		{B3AAC8E8-9CA4-4B01-96CF-206AE7327DDE}.Release|Any CPU.Build.0 = Release|Any CPU
		{B3AAC8E8-9CA4-4B01-96CF-206AE7327DDE}.Release|x64.ActiveCfg = Release|Any CPU
		{B3AAC8E8-9CA4-4B01-96CF-206AE7327DDE}.Release|x64.Build.0 = Release|Any CPU
	EndGlobalSection
	GlobalSection(SolutionProperties) = preSolution
		HideSolutionNode = FALSE
	EndGlobalSection
	GlobalSection(NestedProjects) = preSolution
		{A84717CB-F11A-41C5-A74D-C0F1D47B7431} = {D3D38B03-B557-484D-8348-8BADEE4DF592}
		{061CCBA1-A859-4392-8F45-249E5DAF1C88} = {09EADF06-BE25-4228-AB53-95AE3E15B530}
		{6C323B05-9028-4B09-911C-3C03AE058BEE} = {AED9C836-31E3-4F3F-8ABC-929555D3F3C4}
		{42B45168-476D-4BFA-87B8-81A34E6295CD} = {09EADF06-BE25-4228-AB53-95AE3E15B530}
		{567456AD-B026-4CB6-B98D-4FC930C90223} = {D3D38B03-B557-484D-8348-8BADEE4DF592}
		{E7467DDF-893C-38A8-8E19-6B4E3FB10F55} = {CF2C1A9E-3A8A-4329-8A6E-7880C15AAC3D}
		{BB811429-0DF1-3D22-B664-09C2F5A9E0AB} = {4DB9E84D-324C-408F-87A6-246E86205540}
		{CF2C1A9E-3A8A-4329-8A6E-7880C15AAC3D} = {09EADF06-BE25-4228-AB53-95AE3E15B530}
		{D8C60CD8-8429-45F2-A755-47B6CD10FDF8} = {09EADF06-BE25-4228-AB53-95AE3E15B530}
		{4DB9E84D-324C-408F-87A6-246E86205540} = {CF2C1A9E-3A8A-4329-8A6E-7880C15AAC3D}
		{DD652544-711E-4029-83FF-DA4A9600E6E7} = {AED9C836-31E3-4F3F-8ABC-929555D3F3C4}
		{05031D1C-D0B2-4BF3-A6AF-3339A78437E3} = {09EADF06-BE25-4228-AB53-95AE3E15B530}
		{AACEAE55-804D-45BC-BC3D-1AB8E856E0E8} = {09EADF06-BE25-4228-AB53-95AE3E15B530}
		{95493944-D1AE-414E-964B-B58AEAE672E5} = {D3D38B03-B557-484D-8348-8BADEE4DF592}
		{6D3CE8AA-F369-4D2D-BDA7-9F89D6BE1B2E} = {D3D38B03-B557-484D-8348-8BADEE4DF592}
		{DCF01EE5-6431-4115-85E0-1FC4C3DE86A2} = {09EADF06-BE25-4228-AB53-95AE3E15B530}
		{B3AAC8E8-9CA4-4B01-96CF-206AE7327DDE} = {09EADF06-BE25-4228-AB53-95AE3E15B530}
	EndGlobalSection
	GlobalSection(ExtensibilityGlobals) = postSolution
		SolutionGuid = {41165AF1-35BB-4832-A189-73060F82B01D}
	EndGlobalSection
EndGlobal
