Microsoft Visual Studio Solution File, Format Version 12.00
# Visual Studio Version 16
VisualStudioVersion = 16.0.28803.202
MinimumVisualStudioVersion = 10.0.40219.1
Project("{2150E333-8FDC-42A3-9474-1A3956D46DE8}") = "src", "src", "{09EADF06-BE25-4228-AB53-95AE3E15B530}"
	ProjectSection(SolutionItems) = preProject
		src\Source.ruleset = src\Source.ruleset
	EndProjectSection
EndProject
Project("{2150E333-8FDC-42A3-9474-1A3956D46DE8}") = "test", "test", "{AED9C836-31E3-4F3F-8ABC-929555D3F3C4}"
EndProject
Project("{2150E333-8FDC-42A3-9474-1A3956D46DE8}") = "pkg", "pkg", "{D3D38B03-B557-484D-8348-8BADEE4DF592}"
	ProjectSection(SolutionItems) = preProject
		pkg\Directory.Build.props = pkg\Directory.Build.props
	EndProjectSection
EndProject
Project("{2150E333-8FDC-42A3-9474-1A3956D46DE8}") = "tools-local", "tools-local", "{7F13E156-3EBA-4021-84A5-CD56BA72F99E}"
EndProject
Project("{9A19103F-16F7-4668-BE54-9A1E7A4F7556}") = "Microsoft.ML.InternalCodeAnalyzer", "tools-local\Microsoft.ML.InternalCodeAnalyzer\Microsoft.ML.InternalCodeAnalyzer.csproj", "{B4E55B2D-2A92-46E7-B72F-E76D6FD83440}"
EndProject
Project("{2150E333-8FDC-42A3-9474-1A3956D46DE8}") = "common", "common", "{A84717CB-F11A-41C5-A74D-C0F1D47B7431}"
	ProjectSection(SolutionItems) = preProject
		pkg\common\CommonPackage.props = pkg\common\CommonPackage.props
		pkg\common\DnnImageFeaturizer.props = pkg\common\DnnImageFeaturizer.props
	EndProjectSection
EndProject
Project("{9A19103F-16F7-4668-BE54-9A1E7A4F7556}") = "TorchSharp", "src\TorchSharp\TorchSharp.csproj", "{061CCBA1-A859-4392-8F45-249E5DAF1C88}"
EndProject
Project("{9A19103F-16F7-4668-BE54-9A1E7A4F7556}") = "TorchSharpTest", "test\TorchSharpTest\TorchSharpTest.csproj", "{6C323B05-9028-4B09-911C-3C03AE058BEE}"
EndProject
Project("{9A19103F-16F7-4668-BE54-9A1E7A4F7556}") = "AtenSharp", "src\AtenSharp\AtenSharp.csproj", "{700C3D58-E2C9-4ED8-80B8-28F971DF8EC8}"
EndProject
Project("{9A19103F-16F7-4668-BE54-9A1E7A4F7556}") = "Examples", "src\Examples\Examples.csproj", "{42B45168-476D-4BFA-87B8-81A34E6295CD}"
EndProject
Project("{9A19103F-16F7-4668-BE54-9A1E7A4F7556}") = "SNT", "src\SNT\SNT.csproj", "{0DF7B414-C8F8-4333-A83E-9736C375CC4B}"
EndProject
Project("{2150E333-8FDC-42A3-9474-1A3956D46DE8}") = "TorchSharp", "TorchSharp", "{567456AD-B026-4CB6-B98D-4FC930C90223}"
	ProjectSection(SolutionItems) = preProject
		pkg\TorchSharp\TorchSharp.nupkgproj = pkg\TorchSharp\TorchSharp.nupkgproj
		pkg\TorchSharp\TorchSharp.symbols.nupkgproj = pkg\TorchSharp\TorchSharp.symbols.nupkgproj
	EndProjectSection
EndProject
Global
	GlobalSection(SolutionConfigurationPlatforms) = preSolution
		Debug|Any CPU = Debug|Any CPU
		Debug|x64 = Debug|x64
		Debug-Intrinsics|Any CPU = Debug-Intrinsics|Any CPU
		Debug-Intrinsics|x64 = Debug-Intrinsics|x64
		Debug-netfx|Any CPU = Debug-netfx|Any CPU
		Debug-netfx|x64 = Debug-netfx|x64
		MinSizeRel|Any CPU = MinSizeRel|Any CPU
		MinSizeRel|x64 = MinSizeRel|x64
		Release|Any CPU = Release|Any CPU
		Release|x64 = Release|x64
		Release-Intrinsics|Any CPU = Release-Intrinsics|Any CPU
		Release-Intrinsics|x64 = Release-Intrinsics|x64
		Release-netfx|Any CPU = Release-netfx|Any CPU
		Release-netfx|x64 = Release-netfx|x64
		RelWithDebInfo|Any CPU = RelWithDebInfo|Any CPU
		RelWithDebInfo|x64 = RelWithDebInfo|x64
	EndGlobalSection
	GlobalSection(ProjectConfigurationPlatforms) = postSolution
		{B4E55B2D-2A92-46E7-B72F-E76D6FD83440}.Debug|Any CPU.ActiveCfg = Debug|Any CPU
		{B4E55B2D-2A92-46E7-B72F-E76D6FD83440}.Debug|Any CPU.Build.0 = Debug|Any CPU
		{B4E55B2D-2A92-46E7-B72F-E76D6FD83440}.Debug|x64.ActiveCfg = Debug|Any CPU
		{B4E55B2D-2A92-46E7-B72F-E76D6FD83440}.Debug|x64.Build.0 = Debug|Any CPU
		{B4E55B2D-2A92-46E7-B72F-E76D6FD83440}.Debug-Intrinsics|Any CPU.ActiveCfg = Debug-Intrinsics|Any CPU
		{B4E55B2D-2A92-46E7-B72F-E76D6FD83440}.Debug-Intrinsics|Any CPU.Build.0 = Debug-Intrinsics|Any CPU
		{B4E55B2D-2A92-46E7-B72F-E76D6FD83440}.Debug-Intrinsics|x64.ActiveCfg = Debug-Intrinsics|Any CPU
		{B4E55B2D-2A92-46E7-B72F-E76D6FD83440}.Debug-Intrinsics|x64.Build.0 = Debug-Intrinsics|Any CPU
		{B4E55B2D-2A92-46E7-B72F-E76D6FD83440}.Debug-netfx|Any CPU.ActiveCfg = Debug-netfx|Any CPU
		{B4E55B2D-2A92-46E7-B72F-E76D6FD83440}.Debug-netfx|Any CPU.Build.0 = Debug-netfx|Any CPU
		{B4E55B2D-2A92-46E7-B72F-E76D6FD83440}.Debug-netfx|x64.ActiveCfg = Debug-netfx|Any CPU
		{B4E55B2D-2A92-46E7-B72F-E76D6FD83440}.Debug-netfx|x64.Build.0 = Debug-netfx|Any CPU
		{B4E55B2D-2A92-46E7-B72F-E76D6FD83440}.MinSizeRel|Any CPU.ActiveCfg = Release-netfx|Any CPU
		{B4E55B2D-2A92-46E7-B72F-E76D6FD83440}.MinSizeRel|Any CPU.Build.0 = Release-netfx|Any CPU
		{B4E55B2D-2A92-46E7-B72F-E76D6FD83440}.MinSizeRel|x64.ActiveCfg = Release-netfx|Any CPU
		{B4E55B2D-2A92-46E7-B72F-E76D6FD83440}.MinSizeRel|x64.Build.0 = Release-netfx|Any CPU
		{B4E55B2D-2A92-46E7-B72F-E76D6FD83440}.Release|Any CPU.ActiveCfg = Release|Any CPU
		{B4E55B2D-2A92-46E7-B72F-E76D6FD83440}.Release|Any CPU.Build.0 = Release|Any CPU
		{B4E55B2D-2A92-46E7-B72F-E76D6FD83440}.Release|x64.ActiveCfg = Release|Any CPU
		{B4E55B2D-2A92-46E7-B72F-E76D6FD83440}.Release|x64.Build.0 = Release|Any CPU
		{B4E55B2D-2A92-46E7-B72F-E76D6FD83440}.Release-Intrinsics|Any CPU.ActiveCfg = Release-Intrinsics|Any CPU
		{B4E55B2D-2A92-46E7-B72F-E76D6FD83440}.Release-Intrinsics|Any CPU.Build.0 = Release-Intrinsics|Any CPU
		{B4E55B2D-2A92-46E7-B72F-E76D6FD83440}.Release-Intrinsics|x64.ActiveCfg = Release-Intrinsics|Any CPU
		{B4E55B2D-2A92-46E7-B72F-E76D6FD83440}.Release-Intrinsics|x64.Build.0 = Release-Intrinsics|Any CPU
		{B4E55B2D-2A92-46E7-B72F-E76D6FD83440}.Release-netfx|Any CPU.ActiveCfg = Release-netfx|Any CPU
		{B4E55B2D-2A92-46E7-B72F-E76D6FD83440}.Release-netfx|Any CPU.Build.0 = Release-netfx|Any CPU
		{B4E55B2D-2A92-46E7-B72F-E76D6FD83440}.Release-netfx|x64.ActiveCfg = Release-netfx|Any CPU
		{B4E55B2D-2A92-46E7-B72F-E76D6FD83440}.Release-netfx|x64.Build.0 = Release-netfx|Any CPU
		{B4E55B2D-2A92-46E7-B72F-E76D6FD83440}.RelWithDebInfo|Any CPU.ActiveCfg = Release-netfx|Any CPU
		{B4E55B2D-2A92-46E7-B72F-E76D6FD83440}.RelWithDebInfo|Any CPU.Build.0 = Release-netfx|Any CPU
		{B4E55B2D-2A92-46E7-B72F-E76D6FD83440}.RelWithDebInfo|x64.ActiveCfg = Release-netfx|Any CPU
		{B4E55B2D-2A92-46E7-B72F-E76D6FD83440}.RelWithDebInfo|x64.Build.0 = Release-netfx|Any CPU
		{061CCBA1-A859-4392-8F45-249E5DAF1C88}.Debug|Any CPU.ActiveCfg = Debug|Any CPU
		{061CCBA1-A859-4392-8F45-249E5DAF1C88}.Debug|Any CPU.Build.0 = Debug|Any CPU
		{061CCBA1-A859-4392-8F45-249E5DAF1C88}.Debug|x64.ActiveCfg = Debug|Any CPU
		{061CCBA1-A859-4392-8F45-249E5DAF1C88}.Debug|x64.Build.0 = Debug|Any CPU
		{061CCBA1-A859-4392-8F45-249E5DAF1C88}.Debug-Intrinsics|Any CPU.ActiveCfg = Debug-Intrinsics|Any CPU
		{061CCBA1-A859-4392-8F45-249E5DAF1C88}.Debug-Intrinsics|Any CPU.Build.0 = Debug-Intrinsics|Any CPU
		{061CCBA1-A859-4392-8F45-249E5DAF1C88}.Debug-Intrinsics|x64.ActiveCfg = Debug-Intrinsics|Any CPU
		{061CCBA1-A859-4392-8F45-249E5DAF1C88}.Debug-Intrinsics|x64.Build.0 = Debug-Intrinsics|Any CPU
		{061CCBA1-A859-4392-8F45-249E5DAF1C88}.Debug-netfx|Any CPU.ActiveCfg = Debug-netfx|Any CPU
		{061CCBA1-A859-4392-8F45-249E5DAF1C88}.Debug-netfx|Any CPU.Build.0 = Debug-netfx|Any CPU
		{061CCBA1-A859-4392-8F45-249E5DAF1C88}.Debug-netfx|x64.ActiveCfg = Debug-netfx|Any CPU
		{061CCBA1-A859-4392-8F45-249E5DAF1C88}.Debug-netfx|x64.Build.0 = Debug-netfx|Any CPU
		{061CCBA1-A859-4392-8F45-249E5DAF1C88}.MinSizeRel|Any CPU.ActiveCfg = Release-netfx|Any CPU
		{061CCBA1-A859-4392-8F45-249E5DAF1C88}.MinSizeRel|Any CPU.Build.0 = Release-netfx|Any CPU
		{061CCBA1-A859-4392-8F45-249E5DAF1C88}.MinSizeRel|x64.ActiveCfg = Release-netfx|Any CPU
		{061CCBA1-A859-4392-8F45-249E5DAF1C88}.MinSizeRel|x64.Build.0 = Release-netfx|Any CPU
		{061CCBA1-A859-4392-8F45-249E5DAF1C88}.Release|Any CPU.ActiveCfg = Release|Any CPU
		{061CCBA1-A859-4392-8F45-249E5DAF1C88}.Release|Any CPU.Build.0 = Release|Any CPU
		{061CCBA1-A859-4392-8F45-249E5DAF1C88}.Release|x64.ActiveCfg = Release|Any CPU
		{061CCBA1-A859-4392-8F45-249E5DAF1C88}.Release|x64.Build.0 = Release|Any CPU
		{061CCBA1-A859-4392-8F45-249E5DAF1C88}.Release-Intrinsics|Any CPU.ActiveCfg = Release-Intrinsics|Any CPU
		{061CCBA1-A859-4392-8F45-249E5DAF1C88}.Release-Intrinsics|Any CPU.Build.0 = Release-Intrinsics|Any CPU
		{061CCBA1-A859-4392-8F45-249E5DAF1C88}.Release-Intrinsics|x64.ActiveCfg = Release-Intrinsics|Any CPU
		{061CCBA1-A859-4392-8F45-249E5DAF1C88}.Release-Intrinsics|x64.Build.0 = Release-Intrinsics|Any CPU
		{061CCBA1-A859-4392-8F45-249E5DAF1C88}.Release-netfx|Any CPU.ActiveCfg = Release-netfx|Any CPU
		{061CCBA1-A859-4392-8F45-249E5DAF1C88}.Release-netfx|Any CPU.Build.0 = Release-netfx|Any CPU
		{061CCBA1-A859-4392-8F45-249E5DAF1C88}.Release-netfx|x64.ActiveCfg = Release-netfx|Any CPU
		{061CCBA1-A859-4392-8F45-249E5DAF1C88}.Release-netfx|x64.Build.0 = Release-netfx|Any CPU
		{061CCBA1-A859-4392-8F45-249E5DAF1C88}.RelWithDebInfo|Any CPU.ActiveCfg = Release-netfx|Any CPU
		{061CCBA1-A859-4392-8F45-249E5DAF1C88}.RelWithDebInfo|Any CPU.Build.0 = Release-netfx|Any CPU
		{061CCBA1-A859-4392-8F45-249E5DAF1C88}.RelWithDebInfo|x64.ActiveCfg = Release-netfx|Any CPU
		{061CCBA1-A859-4392-8F45-249E5DAF1C88}.RelWithDebInfo|x64.Build.0 = Release-netfx|Any CPU
		{6C323B05-9028-4B09-911C-3C03AE058BEE}.Debug|Any CPU.ActiveCfg = Debug|Any CPU
		{6C323B05-9028-4B09-911C-3C03AE058BEE}.Debug|Any CPU.Build.0 = Debug|Any CPU
		{6C323B05-9028-4B09-911C-3C03AE058BEE}.Debug|x64.ActiveCfg = Debug|Any CPU
		{6C323B05-9028-4B09-911C-3C03AE058BEE}.Debug|x64.Build.0 = Debug|Any CPU
		{6C323B05-9028-4B09-911C-3C03AE058BEE}.Debug-Intrinsics|Any CPU.ActiveCfg = Debug-Intrinsics|Any CPU
		{6C323B05-9028-4B09-911C-3C03AE058BEE}.Debug-Intrinsics|Any CPU.Build.0 = Debug-Intrinsics|Any CPU
		{6C323B05-9028-4B09-911C-3C03AE058BEE}.Debug-Intrinsics|x64.ActiveCfg = Debug-Intrinsics|Any CPU
		{6C323B05-9028-4B09-911C-3C03AE058BEE}.Debug-Intrinsics|x64.Build.0 = Debug-Intrinsics|Any CPU
		{6C323B05-9028-4B09-911C-3C03AE058BEE}.Debug-netfx|Any CPU.ActiveCfg = Debug-netfx|Any CPU
		{6C323B05-9028-4B09-911C-3C03AE058BEE}.Debug-netfx|Any CPU.Build.0 = Debug-netfx|Any CPU
		{6C323B05-9028-4B09-911C-3C03AE058BEE}.Debug-netfx|x64.ActiveCfg = Debug-netfx|Any CPU
		{6C323B05-9028-4B09-911C-3C03AE058BEE}.Debug-netfx|x64.Build.0 = Debug-netfx|Any CPU
		{6C323B05-9028-4B09-911C-3C03AE058BEE}.MinSizeRel|Any CPU.ActiveCfg = Release-netfx|Any CPU
		{6C323B05-9028-4B09-911C-3C03AE058BEE}.MinSizeRel|Any CPU.Build.0 = Release-netfx|Any CPU
		{6C323B05-9028-4B09-911C-3C03AE058BEE}.MinSizeRel|x64.ActiveCfg = Release-netfx|Any CPU
		{6C323B05-9028-4B09-911C-3C03AE058BEE}.MinSizeRel|x64.Build.0 = Release-netfx|Any CPU
		{6C323B05-9028-4B09-911C-3C03AE058BEE}.Release|Any CPU.ActiveCfg = Release|Any CPU
		{6C323B05-9028-4B09-911C-3C03AE058BEE}.Release|Any CPU.Build.0 = Release|Any CPU
		{6C323B05-9028-4B09-911C-3C03AE058BEE}.Release|x64.ActiveCfg = Release|Any CPU
		{6C323B05-9028-4B09-911C-3C03AE058BEE}.Release|x64.Build.0 = Release|Any CPU
		{6C323B05-9028-4B09-911C-3C03AE058BEE}.Release-Intrinsics|Any CPU.ActiveCfg = Release-Intrinsics|Any CPU
		{6C323B05-9028-4B09-911C-3C03AE058BEE}.Release-Intrinsics|Any CPU.Build.0 = Release-Intrinsics|Any CPU
		{6C323B05-9028-4B09-911C-3C03AE058BEE}.Release-Intrinsics|x64.ActiveCfg = Release-Intrinsics|Any CPU
		{6C323B05-9028-4B09-911C-3C03AE058BEE}.Release-Intrinsics|x64.Build.0 = Release-Intrinsics|Any CPU
		{6C323B05-9028-4B09-911C-3C03AE058BEE}.Release-netfx|Any CPU.ActiveCfg = Release-netfx|Any CPU
		{6C323B05-9028-4B09-911C-3C03AE058BEE}.Release-netfx|Any CPU.Build.0 = Release-netfx|Any CPU
		{6C323B05-9028-4B09-911C-3C03AE058BEE}.Release-netfx|x64.ActiveCfg = Release-netfx|Any CPU
		{6C323B05-9028-4B09-911C-3C03AE058BEE}.Release-netfx|x64.Build.0 = Release-netfx|Any CPU
		{6C323B05-9028-4B09-911C-3C03AE058BEE}.RelWithDebInfo|Any CPU.ActiveCfg = Release-netfx|Any CPU
		{6C323B05-9028-4B09-911C-3C03AE058BEE}.RelWithDebInfo|Any CPU.Build.0 = Release-netfx|Any CPU
		{6C323B05-9028-4B09-911C-3C03AE058BEE}.RelWithDebInfo|x64.ActiveCfg = Release-netfx|Any CPU
		{6C323B05-9028-4B09-911C-3C03AE058BEE}.RelWithDebInfo|x64.Build.0 = Release-netfx|Any CPU
		{700C3D58-E2C9-4ED8-80B8-28F971DF8EC8}.Debug|Any CPU.ActiveCfg = Debug|Any CPU
		{700C3D58-E2C9-4ED8-80B8-28F971DF8EC8}.Debug|Any CPU.Build.0 = Debug|Any CPU
		{700C3D58-E2C9-4ED8-80B8-28F971DF8EC8}.Debug|x64.ActiveCfg = Debug|Any CPU
		{700C3D58-E2C9-4ED8-80B8-28F971DF8EC8}.Debug|x64.Build.0 = Debug|Any CPU
		{700C3D58-E2C9-4ED8-80B8-28F971DF8EC8}.Debug-Intrinsics|Any CPU.ActiveCfg = Debug-Intrinsics|Any CPU
		{700C3D58-E2C9-4ED8-80B8-28F971DF8EC8}.Debug-Intrinsics|Any CPU.Build.0 = Debug-Intrinsics|Any CPU
		{700C3D58-E2C9-4ED8-80B8-28F971DF8EC8}.Debug-Intrinsics|x64.ActiveCfg = Debug-Intrinsics|Any CPU
		{700C3D58-E2C9-4ED8-80B8-28F971DF8EC8}.Debug-Intrinsics|x64.Build.0 = Debug-Intrinsics|Any CPU
		{700C3D58-E2C9-4ED8-80B8-28F971DF8EC8}.Debug-netfx|Any CPU.ActiveCfg = Debug-netfx|Any CPU
		{700C3D58-E2C9-4ED8-80B8-28F971DF8EC8}.Debug-netfx|Any CPU.Build.0 = Debug-netfx|Any CPU
		{700C3D58-E2C9-4ED8-80B8-28F971DF8EC8}.Debug-netfx|x64.ActiveCfg = Debug-netfx|Any CPU
		{700C3D58-E2C9-4ED8-80B8-28F971DF8EC8}.Debug-netfx|x64.Build.0 = Debug-netfx|Any CPU
		{700C3D58-E2C9-4ED8-80B8-28F971DF8EC8}.MinSizeRel|Any CPU.ActiveCfg = Debug-netfx|Any CPU
		{700C3D58-E2C9-4ED8-80B8-28F971DF8EC8}.MinSizeRel|Any CPU.Build.0 = Debug-netfx|Any CPU
		{700C3D58-E2C9-4ED8-80B8-28F971DF8EC8}.MinSizeRel|x64.ActiveCfg = Debug-netfx|Any CPU
		{700C3D58-E2C9-4ED8-80B8-28F971DF8EC8}.MinSizeRel|x64.Build.0 = Debug-netfx|Any CPU
		{700C3D58-E2C9-4ED8-80B8-28F971DF8EC8}.Release|Any CPU.ActiveCfg = Release|Any CPU
		{700C3D58-E2C9-4ED8-80B8-28F971DF8EC8}.Release|Any CPU.Build.0 = Release|Any CPU
		{700C3D58-E2C9-4ED8-80B8-28F971DF8EC8}.Release|x64.ActiveCfg = Release|Any CPU
		{700C3D58-E2C9-4ED8-80B8-28F971DF8EC8}.Release|x64.Build.0 = Release|Any CPU
		{700C3D58-E2C9-4ED8-80B8-28F971DF8EC8}.Release-Intrinsics|Any CPU.ActiveCfg = Release-Intrinsics|Any CPU
		{700C3D58-E2C9-4ED8-80B8-28F971DF8EC8}.Release-Intrinsics|Any CPU.Build.0 = Release-Intrinsics|Any CPU
		{700C3D58-E2C9-4ED8-80B8-28F971DF8EC8}.Release-Intrinsics|x64.ActiveCfg = Release-Intrinsics|Any CPU
		{700C3D58-E2C9-4ED8-80B8-28F971DF8EC8}.Release-Intrinsics|x64.Build.0 = Release-Intrinsics|Any CPU
		{700C3D58-E2C9-4ED8-80B8-28F971DF8EC8}.Release-netfx|Any CPU.ActiveCfg = Release-netfx|Any CPU
		{700C3D58-E2C9-4ED8-80B8-28F971DF8EC8}.Release-netfx|Any CPU.Build.0 = Release-netfx|Any CPU
		{700C3D58-E2C9-4ED8-80B8-28F971DF8EC8}.Release-netfx|x64.ActiveCfg = Release-netfx|Any CPU
		{700C3D58-E2C9-4ED8-80B8-28F971DF8EC8}.Release-netfx|x64.Build.0 = Release-netfx|Any CPU
		{700C3D58-E2C9-4ED8-80B8-28F971DF8EC8}.RelWithDebInfo|Any CPU.ActiveCfg = Release-Intrinsics|Any CPU
		{700C3D58-E2C9-4ED8-80B8-28F971DF8EC8}.RelWithDebInfo|Any CPU.Build.0 = Release-Intrinsics|Any CPU
		{700C3D58-E2C9-4ED8-80B8-28F971DF8EC8}.RelWithDebInfo|x64.ActiveCfg = Release-Intrinsics|Any CPU
		{700C3D58-E2C9-4ED8-80B8-28F971DF8EC8}.RelWithDebInfo|x64.Build.0 = Release-Intrinsics|Any CPU
		{42B45168-476D-4BFA-87B8-81A34E6295CD}.Debug|Any CPU.ActiveCfg = Debug|Any CPU
		{42B45168-476D-4BFA-87B8-81A34E6295CD}.Debug|Any CPU.Build.0 = Debug|Any CPU
		{42B45168-476D-4BFA-87B8-81A34E6295CD}.Debug|x64.ActiveCfg = Debug|Any CPU
		{42B45168-476D-4BFA-87B8-81A34E6295CD}.Debug|x64.Build.0 = Debug|Any CPU
		{42B45168-476D-4BFA-87B8-81A34E6295CD}.Debug-Intrinsics|Any CPU.ActiveCfg = Debug-Intrinsics|Any CPU
		{42B45168-476D-4BFA-87B8-81A34E6295CD}.Debug-Intrinsics|Any CPU.Build.0 = Debug-Intrinsics|Any CPU
		{42B45168-476D-4BFA-87B8-81A34E6295CD}.Debug-Intrinsics|x64.ActiveCfg = Debug-Intrinsics|Any CPU
		{42B45168-476D-4BFA-87B8-81A34E6295CD}.Debug-Intrinsics|x64.Build.0 = Debug-Intrinsics|Any CPU
		{42B45168-476D-4BFA-87B8-81A34E6295CD}.Debug-netfx|Any CPU.ActiveCfg = Debug-netfx|Any CPU
		{42B45168-476D-4BFA-87B8-81A34E6295CD}.Debug-netfx|Any CPU.Build.0 = Debug-netfx|Any CPU
		{42B45168-476D-4BFA-87B8-81A34E6295CD}.Debug-netfx|x64.ActiveCfg = Debug-netfx|Any CPU
		{42B45168-476D-4BFA-87B8-81A34E6295CD}.Debug-netfx|x64.Build.0 = Debug-netfx|Any CPU
		{42B45168-476D-4BFA-87B8-81A34E6295CD}.MinSizeRel|Any CPU.ActiveCfg = Debug-netfx|Any CPU
		{42B45168-476D-4BFA-87B8-81A34E6295CD}.MinSizeRel|Any CPU.Build.0 = Debug-netfx|Any CPU
		{42B45168-476D-4BFA-87B8-81A34E6295CD}.MinSizeRel|x64.ActiveCfg = Debug-netfx|Any CPU
		{42B45168-476D-4BFA-87B8-81A34E6295CD}.MinSizeRel|x64.Build.0 = Debug-netfx|Any CPU
		{42B45168-476D-4BFA-87B8-81A34E6295CD}.Release|Any CPU.ActiveCfg = Release|Any CPU
		{42B45168-476D-4BFA-87B8-81A34E6295CD}.Release|Any CPU.Build.0 = Release|Any CPU
		{42B45168-476D-4BFA-87B8-81A34E6295CD}.Release|x64.ActiveCfg = Release|Any CPU
		{42B45168-476D-4BFA-87B8-81A34E6295CD}.Release|x64.Build.0 = Release|Any CPU
		{42B45168-476D-4BFA-87B8-81A34E6295CD}.Release-Intrinsics|Any CPU.ActiveCfg = Release-Intrinsics|Any CPU
		{42B45168-476D-4BFA-87B8-81A34E6295CD}.Release-Intrinsics|Any CPU.Build.0 = Release-Intrinsics|Any CPU
		{42B45168-476D-4BFA-87B8-81A34E6295CD}.Release-Intrinsics|x64.ActiveCfg = Release-Intrinsics|Any CPU
		{42B45168-476D-4BFA-87B8-81A34E6295CD}.Release-Intrinsics|x64.Build.0 = Release-Intrinsics|Any CPU
		{42B45168-476D-4BFA-87B8-81A34E6295CD}.Release-netfx|Any CPU.ActiveCfg = Release-netfx|Any CPU
		{42B45168-476D-4BFA-87B8-81A34E6295CD}.Release-netfx|Any CPU.Build.0 = Release-netfx|Any CPU
		{42B45168-476D-4BFA-87B8-81A34E6295CD}.Release-netfx|x64.ActiveCfg = Release-netfx|Any CPU
		{42B45168-476D-4BFA-87B8-81A34E6295CD}.Release-netfx|x64.Build.0 = Release-netfx|Any CPU
		{42B45168-476D-4BFA-87B8-81A34E6295CD}.RelWithDebInfo|Any CPU.ActiveCfg = Release-Intrinsics|Any CPU
		{42B45168-476D-4BFA-87B8-81A34E6295CD}.RelWithDebInfo|Any CPU.Build.0 = Release-Intrinsics|Any CPU
		{42B45168-476D-4BFA-87B8-81A34E6295CD}.RelWithDebInfo|x64.ActiveCfg = Release-Intrinsics|Any CPU
		{42B45168-476D-4BFA-87B8-81A34E6295CD}.RelWithDebInfo|x64.Build.0 = Release-Intrinsics|Any CPU
		{0DF7B414-C8F8-4333-A83E-9736C375CC4B}.Debug|Any CPU.ActiveCfg = Debug|Any CPU
		{0DF7B414-C8F8-4333-A83E-9736C375CC4B}.Debug|Any CPU.Build.0 = Debug|Any CPU
		{0DF7B414-C8F8-4333-A83E-9736C375CC4B}.Debug|x64.ActiveCfg = Debug|Any CPU
		{0DF7B414-C8F8-4333-A83E-9736C375CC4B}.Debug|x64.Build.0 = Debug|Any CPU
		{0DF7B414-C8F8-4333-A83E-9736C375CC4B}.Debug-Intrinsics|Any CPU.ActiveCfg = Debug-Intrinsics|Any CPU
		{0DF7B414-C8F8-4333-A83E-9736C375CC4B}.Debug-Intrinsics|Any CPU.Build.0 = Debug-Intrinsics|Any CPU
		{0DF7B414-C8F8-4333-A83E-9736C375CC4B}.Debug-Intrinsics|x64.ActiveCfg = Debug-Intrinsics|Any CPU
		{0DF7B414-C8F8-4333-A83E-9736C375CC4B}.Debug-Intrinsics|x64.Build.0 = Debug-Intrinsics|Any CPU
		{0DF7B414-C8F8-4333-A83E-9736C375CC4B}.Debug-netfx|Any CPU.ActiveCfg = Debug-netfx|Any CPU
		{0DF7B414-C8F8-4333-A83E-9736C375CC4B}.Debug-netfx|Any CPU.Build.0 = Debug-netfx|Any CPU
		{0DF7B414-C8F8-4333-A83E-9736C375CC4B}.Debug-netfx|x64.ActiveCfg = Debug-netfx|Any CPU
		{0DF7B414-C8F8-4333-A83E-9736C375CC4B}.Debug-netfx|x64.Build.0 = Debug-netfx|Any CPU
		{0DF7B414-C8F8-4333-A83E-9736C375CC4B}.MinSizeRel|Any CPU.ActiveCfg = Debug-netfx|Any CPU
		{0DF7B414-C8F8-4333-A83E-9736C375CC4B}.MinSizeRel|Any CPU.Build.0 = Debug-netfx|Any CPU
		{0DF7B414-C8F8-4333-A83E-9736C375CC4B}.MinSizeRel|x64.ActiveCfg = Debug-netfx|Any CPU
		{0DF7B414-C8F8-4333-A83E-9736C375CC4B}.MinSizeRel|x64.Build.0 = Debug-netfx|Any CPU
		{0DF7B414-C8F8-4333-A83E-9736C375CC4B}.Release|Any CPU.ActiveCfg = Release|Any CPU
		{0DF7B414-C8F8-4333-A83E-9736C375CC4B}.Release|Any CPU.Build.0 = Release|Any CPU
		{0DF7B414-C8F8-4333-A83E-9736C375CC4B}.Release|x64.ActiveCfg = Release|Any CPU
		{0DF7B414-C8F8-4333-A83E-9736C375CC4B}.Release|x64.Build.0 = Release|Any CPU
		{0DF7B414-C8F8-4333-A83E-9736C375CC4B}.Release-Intrinsics|Any CPU.ActiveCfg = Release-Intrinsics|Any CPU
		{0DF7B414-C8F8-4333-A83E-9736C375CC4B}.Release-Intrinsics|Any CPU.Build.0 = Release-Intrinsics|Any CPU
		{0DF7B414-C8F8-4333-A83E-9736C375CC4B}.Release-Intrinsics|x64.ActiveCfg = Release-Intrinsics|Any CPU
		{0DF7B414-C8F8-4333-A83E-9736C375CC4B}.Release-Intrinsics|x64.Build.0 = Release-Intrinsics|Any CPU
		{0DF7B414-C8F8-4333-A83E-9736C375CC4B}.Release-netfx|Any CPU.ActiveCfg = Release-netfx|Any CPU
		{0DF7B414-C8F8-4333-A83E-9736C375CC4B}.Release-netfx|Any CPU.Build.0 = Release-netfx|Any CPU
		{0DF7B414-C8F8-4333-A83E-9736C375CC4B}.Release-netfx|x64.ActiveCfg = Release-netfx|Any CPU
		{0DF7B414-C8F8-4333-A83E-9736C375CC4B}.Release-netfx|x64.Build.0 = Release-netfx|Any CPU
		{0DF7B414-C8F8-4333-A83E-9736C375CC4B}.RelWithDebInfo|Any CPU.ActiveCfg = Release-Intrinsics|Any CPU
		{0DF7B414-C8F8-4333-A83E-9736C375CC4B}.RelWithDebInfo|Any CPU.Build.0 = Release-Intrinsics|Any CPU
		{0DF7B414-C8F8-4333-A83E-9736C375CC4B}.RelWithDebInfo|x64.ActiveCfg = Release-Intrinsics|Any CPU
		{0DF7B414-C8F8-4333-A83E-9736C375CC4B}.RelWithDebInfo|x64.Build.0 = Release-Intrinsics|Any CPU
	EndGlobalSection
	GlobalSection(SolutionProperties) = preSolution
		HideSolutionNode = FALSE
	EndGlobalSection
	GlobalSection(NestedProjects) = preSolution
		{B4E55B2D-2A92-46E7-B72F-E76D6FD83440} = {7F13E156-3EBA-4021-84A5-CD56BA72F99E}
		{A84717CB-F11A-41C5-A74D-C0F1D47B7431} = {D3D38B03-B557-484D-8348-8BADEE4DF592}
		{061CCBA1-A859-4392-8F45-249E5DAF1C88} = {09EADF06-BE25-4228-AB53-95AE3E15B530}
		{6C323B05-9028-4B09-911C-3C03AE058BEE} = {AED9C836-31E3-4F3F-8ABC-929555D3F3C4}
		{700C3D58-E2C9-4ED8-80B8-28F971DF8EC8} = {09EADF06-BE25-4228-AB53-95AE3E15B530}
		{42B45168-476D-4BFA-87B8-81A34E6295CD} = {09EADF06-BE25-4228-AB53-95AE3E15B530}
		{0DF7B414-C8F8-4333-A83E-9736C375CC4B} = {09EADF06-BE25-4228-AB53-95AE3E15B530}
		{567456AD-B026-4CB6-B98D-4FC930C90223} = {D3D38B03-B557-484D-8348-8BADEE4DF592}
	EndGlobalSection
	GlobalSection(ExtensibilityGlobals) = postSolution
		SolutionGuid = {41165AF1-35BB-4832-A189-73060F82B01D}
	EndGlobalSection
EndGlobal
