{
  "version": 3,
  "targets": {
    ".NETFramework,Version=v4.7.2": {
      "coverlet.collector/3.0.2": {
        "type": "package",
        "build": {
          "build/netstandard1.0/coverlet.collector.targets": {}
        }
      },
      "Microsoft.CodeCoverage/16.9.4": {
        "type": "package",
        "compile": {
          "lib/net45/Microsoft.VisualStudio.CodeCoverage.Shim.dll": {}
        },
        "runtime": {
          "lib/net45/Microsoft.VisualStudio.CodeCoverage.Shim.dll": {}
        },
        "build": {
          "build/netstandard1.0/Microsoft.CodeCoverage.props": {},
          "build/netstandard1.0/Microsoft.CodeCoverage.targets": {}
        }
      },
      "Microsoft.NET.Test.Sdk/16.9.4": {
        "type": "package",
        "dependencies": {
          "Microsoft.CodeCoverage": "16.9.4"
        },
        "compile": {
          "lib/net45/_._": {}
        },
        "runtime": {
          "lib/net45/_._": {}
        },
        "build": {
          "build/net45/Microsoft.NET.Test.Sdk.props": {},
          "build/net45/Microsoft.NET.Test.Sdk.targets": {}
        },
        "buildMultiTargeting": {
          "buildMultiTargeting/Microsoft.NET.Test.Sdk.props": {}
        }
      },
      "xunit/2.4.2": {
        "type": "package",
        "dependencies": {
          "xunit.analyzers": "1.0.0",
          "xunit.assert": "2.4.2",
          "xunit.core": "[2.4.2]"
        }
      },
      "xunit.abstractions/2.0.3": {
        "type": "package",
        "compile": {
          "lib/net35/xunit.abstractions.dll": {
            "related": ".xml"
          }
        },
        "runtime": {
          "lib/net35/xunit.abstractions.dll": {
            "related": ".xml"
          }
        }
      },
      "xunit.analyzers/1.0.0": {
        "type": "package"
      },
      "xunit.assert/2.4.2": {
        "type": "package",
        "compile": {
          "lib/netstandard1.1/xunit.assert.dll": {
            "related": ".xml"
          }
        },
        "runtime": {
          "lib/netstandard1.1/xunit.assert.dll": {
            "related": ".xml"
          }
        }
      },
      "xunit.core/2.4.2": {
        "type": "package",
        "dependencies": {
          "xunit.extensibility.core": "[2.4.2]",
          "xunit.extensibility.execution": "[2.4.2]"
        },
        "build": {
          "build/xunit.core.props": {},
          "build/xunit.core.targets": {}
        },
        "buildMultiTargeting": {
          "buildMultiTargeting/xunit.core.props": {},
          "buildMultiTargeting/xunit.core.targets": {}
        }
      },
      "xunit.extensibility.core/2.4.2": {
        "type": "package",
        "dependencies": {
          "xunit.abstractions": "2.0.3"
        },
        "compile": {
          "lib/net452/xunit.core.dll": {
            "related": ".dll.tdnet;.xml"
          }
        },
        "runtime": {
          "lib/net452/xunit.core.dll": {
            "related": ".dll.tdnet;.xml"
          }
        }
      },
      "xunit.extensibility.execution/2.4.2": {
        "type": "package",
        "dependencies": {
          "xunit.extensibility.core": "[2.4.2]"
        },
        "compile": {
          "lib/net452/xunit.execution.desktop.dll": {
            "related": ".xml"
          }
        },
        "runtime": {
          "lib/net452/xunit.execution.desktop.dll": {
            "related": ".xml"
          }
        }
      },
      "FileRestitcher/1.0.0": {
        "type": "project",
        "framework": ".NETStandard,Version=v2.0",
        "compile": {
          "bin/placeholder/FileRestitcher.dll": {}
        },
        "runtime": {
          "bin/placeholder/FileRestitcher.dll": {}
        }
      }
    },
    ".NETStandard,Version=v2.0": {
      "coverlet.collector/3.0.2": {
        "type": "package",
        "build": {
          "build/netstandard1.0/coverlet.collector.targets": {}
        }
      },
      "Microsoft.CodeCoverage/16.9.4": {
        "type": "package",
        "build": {
          "build/netstandard1.0/Microsoft.CodeCoverage.props": {},
          "build/netstandard1.0/Microsoft.CodeCoverage.targets": {}
        }
      },
      "Microsoft.NET.Test.Sdk/16.9.4": {
        "type": "package",
        "dependencies": {
          "Microsoft.CodeCoverage": "16.9.4"
        },
        "buildMultiTargeting": {
          "buildMultiTargeting/Microsoft.NET.Test.Sdk.props": {}
        }
      },
      "Microsoft.NETCore.Platforms/1.1.0": {
        "type": "package",
        "compile": {
          "lib/netstandard1.0/_._": {}
        },
        "runtime": {
          "lib/netstandard1.0/_._": {}
        }
      },
      "NETStandard.Library/2.0.3": {
        "type": "package",
        "dependencies": {
          "Microsoft.NETCore.Platforms": "1.1.0"
        },
        "compile": {
          "lib/netstandard1.0/_._": {}
        },
        "runtime": {
          "lib/netstandard1.0/_._": {}
        },
        "build": {
          "build/netstandard2.0/NETStandard.Library.targets": {}
        }
      },
      "xunit/2.4.2": {
        "type": "package",
        "dependencies": {
          "xunit.analyzers": "1.0.0",
          "xunit.assert": "2.4.2",
          "xunit.core": "[2.4.2]"
        }
      },
      "xunit.abstractions/2.0.3": {
        "type": "package",
        "compile": {
          "lib/netstandard2.0/xunit.abstractions.dll": {
            "related": ".xml"
          }
        },
        "runtime": {
          "lib/netstandard2.0/xunit.abstractions.dll": {
            "related": ".xml"
          }
        }
      },
      "xunit.analyzers/1.0.0": {
        "type": "package"
      },
      "xunit.assert/2.4.2": {
        "type": "package",
        "dependencies": {
          "NETStandard.Library": "1.6.1"
        },
        "compile": {
          "lib/netstandard1.1/xunit.assert.dll": {
            "related": ".xml"
          }
        },
        "runtime": {
          "lib/netstandard1.1/xunit.assert.dll": {
            "related": ".xml"
          }
        }
      },
      "xunit.core/2.4.2": {
        "type": "package",
        "dependencies": {
          "xunit.extensibility.core": "[2.4.2]",
          "xunit.extensibility.execution": "[2.4.2]"
        },
        "build": {
          "build/xunit.core.props": {},
          "build/xunit.core.targets": {}
        },
        "buildMultiTargeting": {
          "buildMultiTargeting/xunit.core.props": {},
          "buildMultiTargeting/xunit.core.targets": {}
        }
      },
      "xunit.extensibility.core/2.4.2": {
        "type": "package",
        "dependencies": {
          "NETStandard.Library": "1.6.1",
          "xunit.abstractions": "2.0.3"
        },
        "compile": {
          "lib/netstandard1.1/xunit.core.dll": {
            "related": ".xml"
          }
        },
        "runtime": {
          "lib/netstandard1.1/xunit.core.dll": {
            "related": ".xml"
          }
        }
      },
      "xunit.extensibility.execution/2.4.2": {
        "type": "package",
        "dependencies": {
          "NETStandard.Library": "1.6.1",
          "xunit.extensibility.core": "[2.4.2]"
        },
        "compile": {
          "lib/netstandard1.1/xunit.execution.dotnet.dll": {
            "related": ".xml"
          }
        },
        "runtime": {
          "lib/netstandard1.1/xunit.execution.dotnet.dll": {
            "related": ".xml"
          }
        }
      },
      "FileRestitcher/1.0.0": {
        "type": "project",
        "framework": ".NETStandard,Version=v2.0",
        "compile": {
          "bin/placeholder/FileRestitcher.dll": {}
        },
        "runtime": {
          "bin/placeholder/FileRestitcher.dll": {}
        }
      }
    }
  },
  "libraries": {
    "coverlet.collector/3.0.2": {
      "sha512": "iBvPAIDaI7j/iMx/DzCGCJ3rdiOmel9VINEfaTiBv/NKIGHOP4X3hqc6Q1wgMtArEshlhXexQknP17SK4vXb1w==",
      "type": "package",
      "path": "coverlet.collector/3.0.2",
      "files": [
        ".nupkg.metadata",
        ".signature.p7s",
        "build/netstandard1.0/Microsoft.CSharp.dll",
        "build/netstandard1.0/Microsoft.DotNet.PlatformAbstractions.dll",
        "build/netstandard1.0/Microsoft.Extensions.DependencyInjection.Abstractions.dll",
        "build/netstandard1.0/Microsoft.Extensions.DependencyInjection.dll",
        "build/netstandard1.0/Microsoft.Extensions.DependencyModel.dll",
        "build/netstandard1.0/Microsoft.Extensions.FileSystemGlobbing.dll",
        "build/netstandard1.0/Microsoft.TestPlatform.CoreUtilities.dll",
        "build/netstandard1.0/Microsoft.TestPlatform.PlatformAbstractions.dll",
        "build/netstandard1.0/Microsoft.VisualStudio.TestPlatform.ObjectModel.dll",
        "build/netstandard1.0/Mono.Cecil.Mdb.dll",
        "build/netstandard1.0/Mono.Cecil.Pdb.dll",
        "build/netstandard1.0/Mono.Cecil.Rocks.dll",
        "build/netstandard1.0/Mono.Cecil.dll",
        "build/netstandard1.0/Newtonsoft.Json.dll",
        "build/netstandard1.0/NuGet.Frameworks.dll",
        "build/netstandard1.0/System.AppContext.dll",
        "build/netstandard1.0/System.Collections.Immutable.dll",
        "build/netstandard1.0/System.Dynamic.Runtime.dll",
        "build/netstandard1.0/System.IO.FileSystem.Primitives.dll",
        "build/netstandard1.0/System.Linq.Expressions.dll",
        "build/netstandard1.0/System.Linq.dll",
        "build/netstandard1.0/System.ObjectModel.dll",
        "build/netstandard1.0/System.Reflection.Emit.ILGeneration.dll",
        "build/netstandard1.0/System.Reflection.Emit.Lightweight.dll",
        "build/netstandard1.0/System.Reflection.Emit.dll",
        "build/netstandard1.0/System.Reflection.Metadata.dll",
        "build/netstandard1.0/System.Reflection.TypeExtensions.dll",
        "build/netstandard1.0/System.Runtime.Serialization.Primitives.dll",
        "build/netstandard1.0/System.Text.RegularExpressions.dll",
        "build/netstandard1.0/System.Threading.Tasks.Extensions.dll",
        "build/netstandard1.0/System.Threading.dll",
        "build/netstandard1.0/System.Xml.ReaderWriter.dll",
        "build/netstandard1.0/System.Xml.XDocument.dll",
        "build/netstandard1.0/coverlet.collector.deps.json",
        "build/netstandard1.0/coverlet.collector.dll",
        "build/netstandard1.0/coverlet.collector.pdb",
        "build/netstandard1.0/coverlet.collector.targets",
        "build/netstandard1.0/coverlet.core.dll",
        "build/netstandard1.0/coverlet.core.pdb",
        "coverlet-icon.png",
        "coverlet.collector.3.0.2.nupkg.sha512",
        "coverlet.collector.nuspec"
      ]
    },
    "Microsoft.CodeCoverage/16.9.4": {
      "sha512": "N/RYB07gJkPZ1nJiq0QGxFIL+X5vVl4GI99PiTYXpbfI30NTZMRJgZ+4jYLFYLDQqj9o1Juhv+3iiymd7lozrA==",
      "type": "package",
      "path": "microsoft.codecoverage/16.9.4",
      "files": [
        ".nupkg.metadata",
        ".signature.p7s",
        "Icon.png",
        "LICENSE_NET.txt",
        "build/netstandard1.0/CodeCoverage/CodeCoverage.config",
        "build/netstandard1.0/CodeCoverage/CodeCoverage.exe",
        "build/netstandard1.0/CodeCoverage/VanguardInstrumentationProfiler_x86.config",
        "build/netstandard1.0/CodeCoverage/amd64/CodeCoverage.exe",
        "build/netstandard1.0/CodeCoverage/amd64/VanguardInstrumentationProfiler_x64.config",
        "build/netstandard1.0/CodeCoverage/amd64/covrun64.dll",
        "build/netstandard1.0/CodeCoverage/amd64/msdia140.dll",
        "build/netstandard1.0/CodeCoverage/amd64/msvcdis140.dll",
        "build/netstandard1.0/CodeCoverage/amd64/msvcp140.dll",
        "build/netstandard1.0/CodeCoverage/amd64/msvcp140_atomic_wait.dll",
        "build/netstandard1.0/CodeCoverage/amd64/vcruntime140.dll",
        "build/netstandard1.0/CodeCoverage/amd64/vcruntime140_1.dll",
        "build/netstandard1.0/CodeCoverage/codecoveragemessages.dll",
        "build/netstandard1.0/CodeCoverage/coreclr/Microsoft.VisualStudio.CodeCoverage.Shim.dll",
        "build/netstandard1.0/CodeCoverage/covrun32.dll",
        "build/netstandard1.0/CodeCoverage/msdia140.dll",
        "build/netstandard1.0/CodeCoverage/msvcdis140.dll",
        "build/netstandard1.0/CodeCoverage/msvcp140.dll",
        "build/netstandard1.0/CodeCoverage/msvcp140_atomic_wait.dll",
        "build/netstandard1.0/CodeCoverage/vcruntime140.dll",
        "build/netstandard1.0/InstrumentationEngine/x64/MicrosoftInstrumentationEngine_x64.dll",
        "build/netstandard1.0/InstrumentationEngine/x86/MicrosoftInstrumentationEngine_x86.dll",
        "build/netstandard1.0/Microsoft.CodeCoverage.props",
        "build/netstandard1.0/Microsoft.CodeCoverage.targets",
        "build/netstandard1.0/Microsoft.VisualStudio.Coverage.CoreLib.Net.dll",
        "build/netstandard1.0/Microsoft.VisualStudio.Coverage.Interprocess.dll",
        "build/netstandard1.0/Microsoft.VisualStudio.TraceDataCollector.dll",
        "build/netstandard1.0/cs/Microsoft.VisualStudio.Coverage.CoreLib.Net.resources.dll",
        "build/netstandard1.0/cs/Microsoft.VisualStudio.TraceDataCollector.resources.dll",
        "build/netstandard1.0/de/Microsoft.VisualStudio.Coverage.CoreLib.Net.resources.dll",
        "build/netstandard1.0/de/Microsoft.VisualStudio.TraceDataCollector.resources.dll",
        "build/netstandard1.0/es/Microsoft.VisualStudio.Coverage.CoreLib.Net.resources.dll",
        "build/netstandard1.0/es/Microsoft.VisualStudio.TraceDataCollector.resources.dll",
        "build/netstandard1.0/fr/Microsoft.VisualStudio.Coverage.CoreLib.Net.resources.dll",
        "build/netstandard1.0/fr/Microsoft.VisualStudio.TraceDataCollector.resources.dll",
        "build/netstandard1.0/it/Microsoft.VisualStudio.Coverage.CoreLib.Net.resources.dll",
        "build/netstandard1.0/it/Microsoft.VisualStudio.TraceDataCollector.resources.dll",
        "build/netstandard1.0/ja/Microsoft.VisualStudio.Coverage.CoreLib.Net.resources.dll",
        "build/netstandard1.0/ja/Microsoft.VisualStudio.TraceDataCollector.resources.dll",
        "build/netstandard1.0/ko/Microsoft.VisualStudio.Coverage.CoreLib.Net.resources.dll",
        "build/netstandard1.0/ko/Microsoft.VisualStudio.TraceDataCollector.resources.dll",
        "build/netstandard1.0/pl/Microsoft.VisualStudio.Coverage.CoreLib.Net.resources.dll",
        "build/netstandard1.0/pl/Microsoft.VisualStudio.TraceDataCollector.resources.dll",
        "build/netstandard1.0/pt-BR/Microsoft.VisualStudio.Coverage.CoreLib.Net.resources.dll",
        "build/netstandard1.0/pt-BR/Microsoft.VisualStudio.TraceDataCollector.resources.dll",
        "build/netstandard1.0/ru/Microsoft.VisualStudio.Coverage.CoreLib.Net.resources.dll",
        "build/netstandard1.0/ru/Microsoft.VisualStudio.TraceDataCollector.resources.dll",
        "build/netstandard1.0/tr/Microsoft.VisualStudio.Coverage.CoreLib.Net.resources.dll",
        "build/netstandard1.0/tr/Microsoft.VisualStudio.TraceDataCollector.resources.dll",
        "build/netstandard1.0/zh-Hans/Microsoft.VisualStudio.Coverage.CoreLib.Net.resources.dll",
        "build/netstandard1.0/zh-Hans/Microsoft.VisualStudio.TraceDataCollector.resources.dll",
        "build/netstandard1.0/zh-Hant/Microsoft.VisualStudio.Coverage.CoreLib.Net.resources.dll",
        "build/netstandard1.0/zh-Hant/Microsoft.VisualStudio.TraceDataCollector.resources.dll",
        "lib/net45/Microsoft.VisualStudio.CodeCoverage.Shim.dll",
        "lib/netcoreapp1.0/Microsoft.VisualStudio.CodeCoverage.Shim.dll",
        "microsoft.codecoverage.16.9.4.nupkg.sha512",
        "microsoft.codecoverage.nuspec"
      ]
    },
    "Microsoft.NET.Test.Sdk/16.9.4": {
      "sha512": "M/k16vmS7Hz/+Kuy3p6XE743XPjYYMzfN5ZvpSLY44Ngh5IBMk0Je5Qed8oq6/kvzJA2DTrXa7YrfceHhbQKeQ==",
      "type": "package",
      "path": "microsoft.net.test.sdk/16.9.4",
      "files": [
        ".nupkg.metadata",
        ".signature.p7s",
        "Icon.png",
        "LICENSE_NET.txt",
        "build/net40/Microsoft.NET.Test.Sdk.props",
        "build/net40/Microsoft.NET.Test.Sdk.targets",
        "build/net45/Microsoft.NET.Test.Sdk.props",
        "build/net45/Microsoft.NET.Test.Sdk.targets",
        "build/netcoreapp1.0/Microsoft.NET.Test.Sdk.Program.cs",
        "build/netcoreapp1.0/Microsoft.NET.Test.Sdk.Program.fs",
        "build/netcoreapp1.0/Microsoft.NET.Test.Sdk.Program.vb",
        "build/netcoreapp1.0/Microsoft.NET.Test.Sdk.props",
        "build/netcoreapp1.0/Microsoft.NET.Test.Sdk.targets",
        "build/netcoreapp2.1/Microsoft.NET.Test.Sdk.Program.cs",
        "build/netcoreapp2.1/Microsoft.NET.Test.Sdk.Program.fs",
        "build/netcoreapp2.1/Microsoft.NET.Test.Sdk.Program.vb",
        "build/netcoreapp2.1/Microsoft.NET.Test.Sdk.props",
        "build/netcoreapp2.1/Microsoft.NET.Test.Sdk.targets",
        "build/uap10.0/Microsoft.NET.Test.Sdk.props",
        "buildMultiTargeting/Microsoft.NET.Test.Sdk.props",
        "lib/net40/_._",
        "lib/net45/_._",
        "lib/netcoreapp1.0/_._",
        "lib/netcoreapp2.1/_._",
        "lib/uap10.0/_._",
        "microsoft.net.test.sdk.16.9.4.nupkg.sha512",
        "microsoft.net.test.sdk.nuspec"
      ]
    },
    "Microsoft.NETCore.Platforms/1.1.0": {
      "sha512": "kz0PEW2lhqygehI/d6XsPCQzD7ff7gUJaVGPVETX611eadGsA3A877GdSlU0LRVMCTH/+P3o2iDTak+S08V2+A==",
      "type": "package",
      "path": "microsoft.netcore.platforms/1.1.0",
      "files": [
        ".nupkg.metadata",
        ".signature.p7s",
        "ThirdPartyNotices.txt",
        "dotnet_library_license.txt",
        "lib/netstandard1.0/_._",
        "microsoft.netcore.platforms.1.1.0.nupkg.sha512",
        "microsoft.netcore.platforms.nuspec",
        "runtime.json"
      ]
    },
    "NETStandard.Library/2.0.3": {
      "sha512": "st47PosZSHrjECdjeIzZQbzivYBJFv6P2nv4cj2ypdI204DO+vZ7l5raGMiX4eXMJ53RfOIg+/s4DHVZ54Nu2A==",
      "type": "package",
      "path": "netstandard.library/2.0.3",
      "files": [
        ".nupkg.metadata",
        ".signature.p7s",
        "LICENSE.TXT",
        "THIRD-PARTY-NOTICES.TXT",
        "build/netstandard2.0/NETStandard.Library.targets",
        "build/netstandard2.0/ref/Microsoft.Win32.Primitives.dll",
        "build/netstandard2.0/ref/System.AppContext.dll",
        "build/netstandard2.0/ref/System.Collections.Concurrent.dll",
        "build/netstandard2.0/ref/System.Collections.NonGeneric.dll",
        "build/netstandard2.0/ref/System.Collections.Specialized.dll",
        "build/netstandard2.0/ref/System.Collections.dll",
        "build/netstandard2.0/ref/System.ComponentModel.Composition.dll",
        "build/netstandard2.0/ref/System.ComponentModel.EventBasedAsync.dll",
        "build/netstandard2.0/ref/System.ComponentModel.Primitives.dll",
        "build/netstandard2.0/ref/System.ComponentModel.TypeConverter.dll",
        "build/netstandard2.0/ref/System.ComponentModel.dll",
        "build/netstandard2.0/ref/System.Console.dll",
        "build/netstandard2.0/ref/System.Core.dll",
        "build/netstandard2.0/ref/System.Data.Common.dll",
        "build/netstandard2.0/ref/System.Data.dll",
        "build/netstandard2.0/ref/System.Diagnostics.Contracts.dll",
        "build/netstandard2.0/ref/System.Diagnostics.Debug.dll",
        "build/netstandard2.0/ref/System.Diagnostics.FileVersionInfo.dll",
        "build/netstandard2.0/ref/System.Diagnostics.Process.dll",
        "build/netstandard2.0/ref/System.Diagnostics.StackTrace.dll",
        "build/netstandard2.0/ref/System.Diagnostics.TextWriterTraceListener.dll",
        "build/netstandard2.0/ref/System.Diagnostics.Tools.dll",
        "build/netstandard2.0/ref/System.Diagnostics.TraceSource.dll",
        "build/netstandard2.0/ref/System.Diagnostics.Tracing.dll",
        "build/netstandard2.0/ref/System.Drawing.Primitives.dll",
        "build/netstandard2.0/ref/System.Drawing.dll",
        "build/netstandard2.0/ref/System.Dynamic.Runtime.dll",
        "build/netstandard2.0/ref/System.Globalization.Calendars.dll",
        "build/netstandard2.0/ref/System.Globalization.Extensions.dll",
        "build/netstandard2.0/ref/System.Globalization.dll",
        "build/netstandard2.0/ref/System.IO.Compression.FileSystem.dll",
        "build/netstandard2.0/ref/System.IO.Compression.ZipFile.dll",
        "build/netstandard2.0/ref/System.IO.Compression.dll",
        "build/netstandard2.0/ref/System.IO.FileSystem.DriveInfo.dll",
        "build/netstandard2.0/ref/System.IO.FileSystem.Primitives.dll",
        "build/netstandard2.0/ref/System.IO.FileSystem.Watcher.dll",
        "build/netstandard2.0/ref/System.IO.FileSystem.dll",
        "build/netstandard2.0/ref/System.IO.IsolatedStorage.dll",
        "build/netstandard2.0/ref/System.IO.MemoryMappedFiles.dll",
        "build/netstandard2.0/ref/System.IO.Pipes.dll",
        "build/netstandard2.0/ref/System.IO.UnmanagedMemoryStream.dll",
        "build/netstandard2.0/ref/System.IO.dll",
        "build/netstandard2.0/ref/System.Linq.Expressions.dll",
        "build/netstandard2.0/ref/System.Linq.Parallel.dll",
        "build/netstandard2.0/ref/System.Linq.Queryable.dll",
        "build/netstandard2.0/ref/System.Linq.dll",
        "build/netstandard2.0/ref/System.Net.Http.dll",
        "build/netstandard2.0/ref/System.Net.NameResolution.dll",
        "build/netstandard2.0/ref/System.Net.NetworkInformation.dll",
        "build/netstandard2.0/ref/System.Net.Ping.dll",
        "build/netstandard2.0/ref/System.Net.Primitives.dll",
        "build/netstandard2.0/ref/System.Net.Requests.dll",
        "build/netstandard2.0/ref/System.Net.Security.dll",
        "build/netstandard2.0/ref/System.Net.Sockets.dll",
        "build/netstandard2.0/ref/System.Net.WebHeaderCollection.dll",
        "build/netstandard2.0/ref/System.Net.WebSockets.Client.dll",
        "build/netstandard2.0/ref/System.Net.WebSockets.dll",
        "build/netstandard2.0/ref/System.Net.dll",
        "build/netstandard2.0/ref/System.Numerics.dll",
        "build/netstandard2.0/ref/System.ObjectModel.dll",
        "build/netstandard2.0/ref/System.Reflection.Extensions.dll",
        "build/netstandard2.0/ref/System.Reflection.Primitives.dll",
        "build/netstandard2.0/ref/System.Reflection.dll",
        "build/netstandard2.0/ref/System.Resources.Reader.dll",
        "build/netstandard2.0/ref/System.Resources.ResourceManager.dll",
        "build/netstandard2.0/ref/System.Resources.Writer.dll",
        "build/netstandard2.0/ref/System.Runtime.CompilerServices.VisualC.dll",
        "build/netstandard2.0/ref/System.Runtime.Extensions.dll",
        "build/netstandard2.0/ref/System.Runtime.Handles.dll",
        "build/netstandard2.0/ref/System.Runtime.InteropServices.RuntimeInformation.dll",
        "build/netstandard2.0/ref/System.Runtime.InteropServices.dll",
        "build/netstandard2.0/ref/System.Runtime.Numerics.dll",
        "build/netstandard2.0/ref/System.Runtime.Serialization.Formatters.dll",
        "build/netstandard2.0/ref/System.Runtime.Serialization.Json.dll",
        "build/netstandard2.0/ref/System.Runtime.Serialization.Primitives.dll",
        "build/netstandard2.0/ref/System.Runtime.Serialization.Xml.dll",
        "build/netstandard2.0/ref/System.Runtime.Serialization.dll",
        "build/netstandard2.0/ref/System.Runtime.dll",
        "build/netstandard2.0/ref/System.Security.Claims.dll",
        "build/netstandard2.0/ref/System.Security.Cryptography.Algorithms.dll",
        "build/netstandard2.0/ref/System.Security.Cryptography.Csp.dll",
        "build/netstandard2.0/ref/System.Security.Cryptography.Encoding.dll",
        "build/netstandard2.0/ref/System.Security.Cryptography.Primitives.dll",
        "build/netstandard2.0/ref/System.Security.Cryptography.X509Certificates.dll",
        "build/netstandard2.0/ref/System.Security.Principal.dll",
        "build/netstandard2.0/ref/System.Security.SecureString.dll",
        "build/netstandard2.0/ref/System.ServiceModel.Web.dll",
        "build/netstandard2.0/ref/System.Text.Encoding.Extensions.dll",
        "build/netstandard2.0/ref/System.Text.Encoding.dll",
        "build/netstandard2.0/ref/System.Text.RegularExpressions.dll",
        "build/netstandard2.0/ref/System.Threading.Overlapped.dll",
        "build/netstandard2.0/ref/System.Threading.Tasks.Parallel.dll",
        "build/netstandard2.0/ref/System.Threading.Tasks.dll",
        "build/netstandard2.0/ref/System.Threading.Thread.dll",
        "build/netstandard2.0/ref/System.Threading.ThreadPool.dll",
        "build/netstandard2.0/ref/System.Threading.Timer.dll",
        "build/netstandard2.0/ref/System.Threading.dll",
        "build/netstandard2.0/ref/System.Transactions.dll",
        "build/netstandard2.0/ref/System.ValueTuple.dll",
        "build/netstandard2.0/ref/System.Web.dll",
        "build/netstandard2.0/ref/System.Windows.dll",
        "build/netstandard2.0/ref/System.Xml.Linq.dll",
        "build/netstandard2.0/ref/System.Xml.ReaderWriter.dll",
        "build/netstandard2.0/ref/System.Xml.Serialization.dll",
        "build/netstandard2.0/ref/System.Xml.XDocument.dll",
        "build/netstandard2.0/ref/System.Xml.XPath.XDocument.dll",
        "build/netstandard2.0/ref/System.Xml.XPath.dll",
        "build/netstandard2.0/ref/System.Xml.XmlDocument.dll",
        "build/netstandard2.0/ref/System.Xml.XmlSerializer.dll",
        "build/netstandard2.0/ref/System.Xml.dll",
        "build/netstandard2.0/ref/System.dll",
        "build/netstandard2.0/ref/mscorlib.dll",
        "build/netstandard2.0/ref/netstandard.dll",
        "build/netstandard2.0/ref/netstandard.xml",
        "lib/netstandard1.0/_._",
        "netstandard.library.2.0.3.nupkg.sha512",
        "netstandard.library.nuspec"
      ]
    },
    "xunit/2.4.2": {
      "sha512": "6Mj73Ont3zj2CJuoykVJfE0ZmRwn7C+pTuRP8c4bnaaTFjwNG6tGe0prJ1yIbMe9AHrpDys63ctWacSsFJWK/w==",
      "type": "package",
      "path": "xunit/2.4.2",
      "files": [
        ".nupkg.metadata",
        ".signature.p7s",
        "_content/logo-128-transparent.png",
        "xunit.2.4.2.nupkg.sha512",
        "xunit.nuspec"
      ]
    },
    "xunit.abstractions/2.0.3": {
      "sha512": "pot1I4YOxlWjIb5jmwvvQNbTrZ3lJQ+jUGkGjWE3hEFM0l5gOnBWS+H3qsex68s5cO52g+44vpGzhAt+42vwKg==",
      "type": "package",
      "path": "xunit.abstractions/2.0.3",
      "files": [
        ".nupkg.metadata",
        ".signature.p7s",
        "lib/net35/xunit.abstractions.dll",
        "lib/net35/xunit.abstractions.xml",
        "lib/netstandard1.0/xunit.abstractions.dll",
        "lib/netstandard1.0/xunit.abstractions.xml",
        "lib/netstandard2.0/xunit.abstractions.dll",
        "lib/netstandard2.0/xunit.abstractions.xml",
        "xunit.abstractions.2.0.3.nupkg.sha512",
        "xunit.abstractions.nuspec"
      ]
    },
    "xunit.analyzers/1.0.0": {
      "sha512": "BeO8hEgs/c8Ls2647fPfieMngncvf0D0xYNDfIO59MolxtCtVjFRd6SRc+7tj8VMqkVOuJcnc9eh4ngI2cAmLQ==",
      "type": "package",
      "path": "xunit.analyzers/1.0.0",
      "hasTools": true,
      "files": [
        ".nupkg.metadata",
        ".signature.p7s",
        "_content/logo-128-transparent.png",
        "analyzers/dotnet/cs/xunit.analyzers.dll",
        "analyzers/dotnet/cs/xunit.analyzers.fixes.dll",
        "tools/install.ps1",
        "tools/uninstall.ps1",
        "xunit.analyzers.1.0.0.nupkg.sha512",
        "xunit.analyzers.nuspec"
      ]
    },
    "xunit.assert/2.4.2": {
      "sha512": "pxJISOFjn2XTTi1mcDCkRZrTFb9OtRRCtx2kZFNF51GdReLr1ls2rnyxvAS4JO247K3aNtflvh5Q0346K5BROA==",
      "type": "package",
      "path": "xunit.assert/2.4.2",
      "files": [
        ".nupkg.metadata",
        ".signature.p7s",
        "_content/logo-128-transparent.png",
        "lib/netstandard1.1/xunit.assert.dll",
        "lib/netstandard1.1/xunit.assert.xml",
        "xunit.assert.2.4.2.nupkg.sha512",
        "xunit.assert.nuspec"
      ]
    },
    "xunit.core/2.4.2": {
      "sha512": "KB4yGCxNqIVyekhJLXtKSEq6BaXVp/JO3mbGVE1hxypZTLEe7h+sTbAhpA+yZW2dPtXTuiW+C1B2oxxHEkrmOw==",
      "type": "package",
      "path": "xunit.core/2.4.2",
      "files": [
        ".nupkg.metadata",
        ".signature.p7s",
        "_content/logo-128-transparent.png",
        "build/xunit.core.props",
        "build/xunit.core.targets",
        "buildMultiTargeting/xunit.core.props",
        "buildMultiTargeting/xunit.core.targets",
        "xunit.core.2.4.2.nupkg.sha512",
        "xunit.core.nuspec"
      ]
    },
    "xunit.extensibility.core/2.4.2": {
      "sha512": "W1BoXTIN1C6kpVSMw25huSet25ky6IAQUNovu3zGOGN/jWnbgSoTyCrlIhmXSg0tH5nEf8q7h3OjNHOjyu5PfA==",
      "type": "package",
      "path": "xunit.extensibility.core/2.4.2",
      "files": [
        ".nupkg.metadata",
        ".signature.p7s",
        "_content/logo-128-transparent.png",
        "lib/net452/xunit.core.dll",
        "lib/net452/xunit.core.dll.tdnet",
        "lib/net452/xunit.core.xml",
        "lib/net452/xunit.runner.tdnet.dll",
        "lib/net452/xunit.runner.utility.net452.dll",
        "lib/netstandard1.1/xunit.core.dll",
        "lib/netstandard1.1/xunit.core.xml",
        "xunit.extensibility.core.2.4.2.nupkg.sha512",
        "xunit.extensibility.core.nuspec"
      ]
    },
    "xunit.extensibility.execution/2.4.2": {
      "sha512": "CZmgcKkwpyo8FlupZdWpJCryrAOWLh1FBPG6gmVZuPQkGQsim/oL4PcP4nfrC2hHgXUFtluvaJ0Sp9PQKUMNpg==",
      "type": "package",
      "path": "xunit.extensibility.execution/2.4.2",
      "files": [
        ".nupkg.metadata",
        ".signature.p7s",
        "_content/logo-128-transparent.png",
        "lib/net452/xunit.execution.desktop.dll",
        "lib/net452/xunit.execution.desktop.xml",
        "lib/netstandard1.1/xunit.execution.dotnet.dll",
        "lib/netstandard1.1/xunit.execution.dotnet.xml",
        "xunit.extensibility.execution.2.4.2.nupkg.sha512",
        "xunit.extensibility.execution.nuspec"
      ]
    },
    "FileRestitcher/1.0.0": {
      "type": "project",
      "path": "../FileRestitcher/FileRestitcher.csproj",
      "msbuildProject": "../FileRestitcher/FileRestitcher.csproj"
    }
  },
  "projectFileDependencyGroups": {
    ".NETFramework,Version=v4.7.2": [
      "FileRestitcher >= 1.0.0",
      "Microsoft.NET.Test.Sdk >= 16.9.4",
      "coverlet.collector >= 3.0.2",
      "xunit >= 2.4.2"
    ],
    ".NETStandard,Version=v2.0": [
      "FileRestitcher >= 1.0.0",
      "Microsoft.NET.Test.Sdk >= 16.9.4",
      "NETStandard.Library >= 2.0.3",
      "coverlet.collector >= 3.0.2",
      "xunit >= 2.4.2"
    ]
  },
  "packageFolders": {
    "C:\\Users\\Dimitri\\.nuget\\packages\\": {},
    "C:\\Program Files (x86)\\Microsoft Visual Studio\\Shared\\NuGetPackages": {}
  },
  "project": {
    "version": "1.0.0",
    "restore": {
      "projectUniqueName": "K:\\Proyects_Repos\\TorchSharp\\pkg\\FileRestitcher\\FileRestitcher.Tests\\FileRestitcher.Tests.csproj",
      "projectName": "FileRestitcher.Tests",
      "projectPath": "K:\\Proyects_Repos\\TorchSharp\\pkg\\FileRestitcher\\FileRestitcher.Tests\\FileRestitcher.Tests.csproj",
      "packagesPath": "C:\\Users\\Dimitri\\.nuget\\packages\\",
      "outputPath": "K:\\Proyects_Repos\\TorchSharp\\pkg\\FileRestitcher\\FileRestitcher.Tests\\FileRestitcher.Tests.NupkgProj\\",
      "projectStyle": "PackageReference",
      "crossTargeting": true,
      "fallbackFolders": [
        "C:\\Program Files (x86)\\Microsoft Visual Studio\\Shared\\NuGetPackages"
      ],
      "configFilePaths": [
        "K:\\Proyects_Repos\\TorchSharp\\NuGet.Config",
        "C:\\Users\\Dimitri\\AppData\\Roaming\\NuGet\\NuGet.Config",
        "C:\\Program Files (x86)\\NuGet\\Config\\Microsoft.VisualStudio.FallbackLocation.config",
        "C:\\Program Files (x86)\\NuGet\\Config\\Microsoft.VisualStudio.Offline.config"
      ],
      "originalTargetFrameworks": [
        "net472",
        "netstandard2.0"
      ],
      "sources": {
        "C:\\Program Files (x86)\\Microsoft SDKs\\NuGetPackages\\": {},
        "https://api.nuget.org/v3/index.json": {}
      },
      "frameworks": {
        "net472": {
          "targetAlias": "net472",
          "projectReferences": {
            "K:\\Proyects_Repos\\TorchSharp\\pkg\\FileRestitcher\\FileRestitcher\\FileRestitcher.csproj": {
              "projectPath": "K:\\Proyects_Repos\\TorchSharp\\pkg\\FileRestitcher\\FileRestitcher\\FileRestitcher.csproj"
            }
          }
        },
        "netstandard2.0": {
          "targetAlias": "netstandard2.0",
          "projectReferences": {
            "K:\\Proyects_Repos\\TorchSharp\\pkg\\FileRestitcher\\FileRestitcher\\FileRestitcher.csproj": {
              "projectPath": "K:\\Proyects_Repos\\TorchSharp\\pkg\\FileRestitcher\\FileRestitcher\\FileRestitcher.csproj"
            }
          }
        }
      },
      "warningProperties": {
        "warnAsError": [
          "NU1605"
        ]
      },
      "restoreAuditProperties": {
        "enableAudit": "true",
        "auditLevel": "low",
        "auditMode": "all"
      },
      "SdkAnalysisLevel": "9.0.100"
    },
    "frameworks": {
      "net472": {
        "targetAlias": "net472",
        "dependencies": {
          "Microsoft.NET.Test.Sdk": {
            "suppressParent": "None",
            "target": "Package",
            "version": "[16.9.4, )"
          },
          "coverlet.collector": {
            "include": "Runtime, Build, Native, ContentFiles, Analyzers, BuildTransitive",
            "suppressParent": "All",
            "target": "Package",
            "version": "[3.0.2, )"
          },
          "xunit": {
            "suppressParent": "None",
            "target": "Package",
            "version": "[2.4.2, )"
          }
        },
        "runtimeIdentifierGraphPath": "C:\\Program Files\\dotnet\\sdk\\9.0.100\\RuntimeIdentifierGraph.json"
      },
      "netstandard2.0": {
        "targetAlias": "netstandard2.0",
        "dependencies": {
          "Microsoft.NET.Test.Sdk": {
            "suppressParent": "None",
            "target": "Package",
            "version": "[16.9.4, )"
          },
          "NETStandard.Library": {
            "suppressParent": "All",
            "target": "Package",
            "version": "[2.0.3, )",
            "autoReferenced": true
          },
          "coverlet.collector": {
            "include": "Runtime, Build, Native, ContentFiles, Analyzers, BuildTransitive",
            "suppressParent": "All",
            "target": "Package",
            "version": "[3.0.2, )"
          },
          "xunit": {
            "suppressParent": "None",
            "target": "Package",
            "version": "[2.4.2, )"
          }
        },
        "imports": [
          "net461",
          "net462",
          "net47",
          "net471",
          "net472",
          "net48",
          "net481"
        ],
        "assetTargetFallback": true,
        "warn": true,
        "runtimeIdentifierGraphPath": "C:\\Program Files\\dotnet\\sdk\\9.0.100\\RuntimeIdentifierGraph.json"
      }
    }
  }
}